// !$*UTF8*$!
{
	archiveVersion = 1;
	classes = {
	};
	objectVersion = 56;
	objects = {

/* Begin PBXBuildFile section */
		1D4276B92BE9ADFA005D6259 /* TCASimpleApp.swift in Sources */ = {isa = PBXBuildFile; fileRef = 1D4276B82BE9ADFA005D6259 /* TCASimpleApp.swift */; };
		1D4276BB2BE9ADFA005D6259 /* ContentView.swift in Sources */ = {isa = PBXBuildFile; fileRef = 1D4276BA2BE9ADFA005D6259 /* ContentView.swift */; };
		1D4276BD2BE9ADFB005D6259 /* Assets.xcassets in Resources */ = {isa = PBXBuildFile; fileRef = 1D4276BC2BE9ADFB005D6259 /* Assets.xcassets */; };
		1D4276C02BE9ADFB005D6259 /* Preview Assets.xcassets in Resources */ = {isa = PBXBuildFile; fileRef = 1D4276BF2BE9ADFB005D6259 /* Preview Assets.xcassets */; };
		1D4276C82BE9AE06005D6259 /* ComposableArchitecture in Frameworks */ = {isa = PBXBuildFile; productRef = 1D4276C72BE9AE06005D6259 /* ComposableArchitecture */; };
		1D4276CA2BE9B0B9005D6259 /* BookListView.swift in Sources */ = {isa = PBXBuildFile; fileRef = 1D4276C92BE9B0B9005D6259 /* BookListView.swift */; };
		1D4276CC2BE9B1A9005D6259 /* BookListReducer.swift in Sources */ = {isa = PBXBuildFile; fileRef = 1D4276CB2BE9B1A9005D6259 /* BookListReducer.swift */; };
		1D4276CE2BE9B2CC005D6259 /* Book.swift in Sources */ = {isa = PBXBuildFile; fileRef = 1D4276CD2BE9B2CC005D6259 /* Book.swift */; };
		1D4276D02BEAECDB005D6259 /* Character.swift in Sources */ = {isa = PBXBuildFile; fileRef = 1D4276CF2BEAECDB005D6259 /* Character.swift */; };
		1D4276D22BEAED40005D6259 /* BookDetailReducer.swift in Sources */ = {isa = PBXBuildFile; fileRef = 1D4276D12BEAED40005D6259 /* BookDetailReducer.swift */; };
/* End PBXBuildFile section */

/* Begin PBXFileReference section */
		1D4276B52BE9ADFA005D6259 /* TCASimple.app */ = {isa = PBXFileReference; explicitFileType = wrapper.application; includeInIndex = 0; path = TCASimple.app; sourceTree = BUILT_PRODUCTS_DIR; };
		1D4276B82BE9ADFA005D6259 /* TCASimpleApp.swift */ = {isa = PBXFileReference; lastKnownFileType = sourcecode.swift; path = TCASimpleApp.swift; sourceTree = "<group>"; };
		1D4276BA2BE9ADFA005D6259 /* ContentView.swift */ = {isa = PBXFileReference; lastKnownFileType = sourcecode.swift; path = ContentView.swift; sourceTree = "<group>"; };
		1D4276BC2BE9ADFB005D6259 /* Assets.xcassets */ = {isa = PBXFileReference; lastKnownFileType = folder.assetcatalog; path = Assets.xcassets; sourceTree = "<group>"; };
		1D4276BF2BE9ADFB005D6259 /* Preview Assets.xcassets */ = {isa = PBXFileReference; lastKnownFileType = folder.assetcatalog; path = "Preview Assets.xcassets"; sourceTree = "<group>"; };
		1D4276C92BE9B0B9005D6259 /* BookListView.swift */ = {isa = PBXFileReference; lastKnownFileType = sourcecode.swift; path = BookListView.swift; sourceTree = "<group>"; };
		1D4276CB2BE9B1A9005D6259 /* BookListReducer.swift */ = {isa = PBXFileReference; fileEncoding = 4; lastKnownFileType = sourcecode.swift; path = BookListReducer.swift; sourceTree = "<group>"; };
		1D4276CD2BE9B2CC005D6259 /* Book.swift */ = {isa = PBXFileReference; fileEncoding = 4; lastKnownFileType = sourcecode.swift; path = Book.swift; sourceTree = "<group>"; };
		1D4276CF2BEAECDB005D6259 /* Character.swift */ = {isa = PBXFileReference; fileEncoding = 4; lastKnownFileType = sourcecode.swift; path = Character.swift; sourceTree = "<group>"; };
		1D4276D12BEAED40005D6259 /* BookDetailReducer.swift */ = {isa = PBXFileReference; lastKnownFileType = sourcecode.swift; path = BookDetailReducer.swift; sourceTree = "<group>"; };
/* End PBXFileReference section */

/* Begin PBXFrameworksBuildPhase section */
		1D4276B22BE9ADFA005D6259 /* Frameworks */ = {
			isa = PBXFrameworksBuildPhase;
			buildActionMask = 2147483647;
			files = (
				1D4276C82BE9AE06005D6259 /* ComposableArchitecture in Frameworks */,
			);
			runOnlyForDeploymentPostprocessing = 0;
		};
/* End PBXFrameworksBuildPhase section */

/* Begin PBXGroup section */
		1D4276AC2BE9ADFA005D6259 = {
			isa = PBXGroup;
			children = (
				1D4276B72BE9ADFA005D6259 /* TCASimple */,
				1D4276B62BE9ADFA005D6259 /* Products */,
			);
			sourceTree = "<group>";
		};
		1D4276B62BE9ADFA005D6259 /* Products */ = {
			isa = PBXGroup;
			children = (
				1D4276B52BE9ADFA005D6259 /* TCASimple.app */,
			);
			name = Products;
			sourceTree = "<group>";
		};
		1D4276B72BE9ADFA005D6259 /* TCASimple */ = {
			isa = PBXGroup;
			children = (
				1D4276B82BE9ADFA005D6259 /* TCASimpleApp.swift */,
				1D4276C92BE9B0B9005D6259 /* BookListView.swift */,
				1D4276CB2BE9B1A9005D6259 /* BookListReducer.swift */,
				1D4276BA2BE9ADFA005D6259 /* ContentView.swift */,
				1D4276CD2BE9B2CC005D6259 /* Book.swift */,
				1D4276D12BEAED40005D6259 /* BookDetailReducer.swift */,
				1D4276CF2BEAECDB005D6259 /* Character.swift */,
				1D4276BC2BE9ADFB005D6259 /* Assets.xcassets */,
				1D4276BE2BE9ADFB005D6259 /* Preview Content */,
			);
			path = TCASimple;
			sourceTree = "<group>";
		};
		1D4276BE2BE9ADFB005D6259 /* Preview Content */ = {
			isa = PBXGroup;
			children = (
				1D4276BF2BE9ADFB005D6259 /* Preview Assets.xcassets */,
			);
			path = "Preview Content";
			sourceTree = "<group>";
		};
/* End PBXGroup section */

/* Begin PBXNativeTarget section */
		1D4276B42BE9ADFA005D6259 /* TCASimple */ = {
			isa = PBXNativeTarget;
			buildConfigurationList = 1D4276C32BE9ADFB005D6259 /* Build configuration list for PBXNativeTarget "TCASimple" */;
			buildPhases = (
				1D4276B12BE9ADFA005D6259 /* Sources */,
				1D4276B22BE9ADFA005D6259 /* Frameworks */,
				1D4276B32BE9ADFA005D6259 /* Resources */,
			);
			buildRules = (
			);
			dependencies = (
			);
			name = TCASimple;
			packageProductDependencies = (
				1D4276C72BE9AE06005D6259 /* ComposableArchitecture */,
			);
			productName = TCASimple;
			productReference = 1D4276B52BE9ADFA005D6259 /* TCASimple.app */;
			productType = "com.apple.product-type.application";
		};
/* End PBXNativeTarget section */

/* Begin PBXProject section */
		1D4276AD2BE9ADFA005D6259 /* Project object */ = {
			isa = PBXProject;
			attributes = {
				BuildIndependentTargetsInParallel = 1;
				LastSwiftUpdateCheck = 1530;
				LastUpgradeCheck = 1530;
				TargetAttributes = {
					1D4276B42BE9ADFA005D6259 = {
						CreatedOnToolsVersion = 15.3;
					};
				};
			};
			buildConfigurationList = 1D4276B02BE9ADFA005D6259 /* Build configuration list for PBXProject "TCASimple" */;
			compatibilityVersion = "Xcode 14.0";
			developmentRegion = en;
			hasScannedForEncodings = 0;
			knownRegions = (
				en,
				Base,
			);
			mainGroup = 1D4276AC2BE9ADFA005D6259;
			packageReferences = (
				1D4276C62BE9AE06005D6259 /* XCRemoteSwiftPackageReference "swift-composable-architecture" */,
			);
			productRefGroup = 1D4276B62BE9ADFA005D6259 /* Products */;
			projectDirPath = "";
			projectRoot = "";
			targets = (
				1D4276B42BE9ADFA005D6259 /* TCASimple */,
			);
		};
/* End PBXProject section */

/* Begin PBXResourcesBuildPhase section */
		1D4276B32BE9ADFA005D6259 /* Resources */ = {
			isa = PBXResourcesBuildPhase;
			buildActionMask = 2147483647;
			files = (
				1D4276C02BE9ADFB005D6259 /* Preview Assets.xcassets in Resources */,
				1D4276BD2BE9ADFB005D6259 /* Assets.xcassets in Resources */,
			);
			runOnlyForDeploymentPostprocessing = 0;
		};
/* End PBXResourcesBuildPhase section */

/* Begin PBXSourcesBuildPhase section */
		1D4276B12BE9ADFA005D6259 /* Sources */ = {
			isa = PBXSourcesBuildPhase;
			buildActionMask = 2147483647;
			files = (
				1D4276BB2BE9ADFA005D6259 /* ContentView.swift in Sources */,
				1D4276CC2BE9B1A9005D6259 /* BookListReducer.swift in Sources */,
				1D4276D22BEAED40005D6259 /* BookDetailReducer.swift in Sources */,
				1D4276CA2BE9B0B9005D6259 /* BookListView.swift in Sources */,
				1D4276D02BEAECDB005D6259 /* Character.swift in Sources */,
				1D4276CE2BE9B2CC005D6259 /* Book.swift in Sources */,
				1D4276B92BE9ADFA005D6259 /* TCASimpleApp.swift in Sources */,
			);
			runOnlyForDeploymentPostprocessing = 0;
		};
/* End PBXSourcesBuildPhase section */

/* Begin XCBuildConfiguration section */
		1D4276C12BE9ADFB005D6259 /* Debug */ = {
			isa = XCBuildConfiguration;
			buildSettings = {
				ALWAYS_SEARCH_USER_PATHS = NO;
				ASSETCATALOG_COMPILER_GENERATE_SWIFT_ASSET_SYMBOL_EXTENSIONS = YES;
				CLANG_ANALYZER_NONNULL = YES;
				CLANG_ANALYZER_NUMBER_OBJECT_CONVERSION = YES_AGGRESSIVE;
				CLANG_CXX_LANGUAGE_STANDARD = "gnu++20";
				CLANG_ENABLE_MODULES = YES;
				CLANG_ENABLE_OBJC_ARC = YES;
				CLANG_ENABLE_OBJC_WEAK = YES;
				CLANG_WARN_BLOCK_CAPTURE_AUTORELEASING = YES;
				CLANG_WARN_BOOL_CONVERSION = YES;
				CLANG_WARN_COMMA = YES;
				CLANG_WARN_CONSTANT_CONVERSION = YES;
				CLANG_WARN_DEPRECATED_OBJC_IMPLEMENTATIONS = YES;
				CLANG_WARN_DIRECT_OBJC_ISA_USAGE = YES_ERROR;
				CLANG_WARN_DOCUMENTATION_COMMENTS = YES;
				CLANG_WARN_EMPTY_BODY = YES;
				CLANG_WARN_ENUM_CONVERSION = YES;
				CLANG_WARN_INFINITE_RECURSION = YES;
				CLANG_WARN_INT_CONVERSION = YES;
				CLANG_WARN_NON_LITERAL_NULL_CONVERSION = YES;
				CLANG_WARN_OBJC_IMPLICIT_RETAIN_SELF = YES;
				CLANG_WARN_OBJC_LITERAL_CONVERSION = YES;
				CLANG_WARN_OBJC_ROOT_CLASS = YES_ERROR;
				CLANG_WARN_QUOTED_INCLUDE_IN_FRAMEWORK_HEADER = YES;
				CLANG_WARN_RANGE_LOOP_ANALYSIS = YES;
				CLANG_WARN_STRICT_PROTOTYPES = YES;
				CLANG_WARN_SUSPICIOUS_MOVE = YES;
				CLANG_WARN_UNGUARDED_AVAILABILITY = YES_AGGRESSIVE;
				CLANG_WARN_UNREACHABLE_CODE = YES;
				CLANG_WARN__DUPLICATE_METHOD_MATCH = YES;
				COPY_PHASE_STRIP = NO;
				DEBUG_INFORMATION_FORMAT = dwarf;
				ENABLE_STRICT_OBJC_MSGSEND = YES;
				ENABLE_TESTABILITY = YES;
				ENABLE_USER_SCRIPT_SANDBOXING = YES;
				GCC_C_LANGUAGE_STANDARD = gnu17;
				GCC_DYNAMIC_NO_PIC = NO;
				GCC_NO_COMMON_BLOCKS = YES;
				GCC_OPTIMIZATION_LEVEL = 0;
				GCC_PREPROCESSOR_DEFINITIONS = (
					"DEBUG=1",
					"$(inherited)",
				);
				GCC_WARN_64_TO_32_BIT_CONVERSION = YES;
				GCC_WARN_ABOUT_RETURN_TYPE = YES_ERROR;
				GCC_WARN_UNDECLARED_SELECTOR = YES;
				GCC_WARN_UNINITIALIZED_AUTOS = YES_AGGRESSIVE;
				GCC_WARN_UNUSED_FUNCTION = YES;
				GCC_WARN_UNUSED_VARIABLE = YES;
				IPHONEOS_DEPLOYMENT_TARGET = 17.4;
				LOCALIZATION_PREFERS_STRING_CATALOGS = YES;
				MTL_ENABLE_DEBUG_INFO = INCLUDE_SOURCE;
				MTL_FAST_MATH = YES;
				ONLY_ACTIVE_ARCH = YES;
				SDKROOT = iphoneos;
				SWIFT_ACTIVE_COMPILATION_CONDITIONS = "DEBUG $(inherited)";
				SWIFT_OPTIMIZATION_LEVEL = "-Onone";
			};
			name = Debug;
		};
		1D4276C22BE9ADFB005D6259 /* Release */ = {
			isa = XCBuildConfiguration;
			buildSettings = {
				ALWAYS_SEARCH_USER_PATHS = NO;
				ASSETCATALOG_COMPILER_GENERATE_SWIFT_ASSET_SYMBOL_EXTENSIONS = YES;
				CLANG_ANALYZER_NONNULL = YES;
				CLANG_ANALYZER_NUMBER_OBJECT_CONVERSION = YES_AGGRESSIVE;
				CLANG_CXX_LANGUAGE_STANDARD = "gnu++20";
				CLANG_ENABLE_MODULES = YES;
				CLANG_ENABLE_OBJC_ARC = YES;
				CLANG_ENABLE_OBJC_WEAK = YES;
				CLANG_WARN_BLOCK_CAPTURE_AUTORELEASING = YES;
				CLANG_WARN_BOOL_CONVERSION = YES;
				CLANG_WARN_COMMA = YES;
				CLANG_WARN_CONSTANT_CONVERSION = YES;
				CLANG_WARN_DEPRECATED_OBJC_IMPLEMENTATIONS = YES;
				CLANG_WARN_DIRECT_OBJC_ISA_USAGE = YES_ERROR;
				CLANG_WARN_DOCUMENTATION_COMMENTS = YES;
				CLANG_WARN_EMPTY_BODY = YES;
				CLANG_WARN_ENUM_CONVERSION = YES;
				CLANG_WARN_INFINITE_RECURSION = YES;
				CLANG_WARN_INT_CONVERSION = YES;
				CLANG_WARN_NON_LITERAL_NULL_CONVERSION = YES;
				CLANG_WARN_OBJC_IMPLICIT_RETAIN_SELF = YES;
				CLANG_WARN_OBJC_LITERAL_CONVERSION = YES;
				CLANG_WARN_OBJC_ROOT_CLASS = YES_ERROR;
				CLANG_WARN_QUOTED_INCLUDE_IN_FRAMEWORK_HEADER = YES;
				CLANG_WARN_RANGE_LOOP_ANALYSIS = YES;
				CLANG_WARN_STRICT_PROTOTYPES = YES;
				CLANG_WARN_SUSPICIOUS_MOVE = YES;
				CLANG_WARN_UNGUARDED_AVAILABILITY = YES_AGGRESSIVE;
				CLANG_WARN_UNREACHABLE_CODE = YES;
				CLANG_WARN__DUPLICATE_METHOD_MATCH = YES;
				COPY_PHASE_STRIP = NO;
				DEBUG_INFORMATION_FORMAT = "dwarf-with-dsym";
				ENABLE_NS_ASSERTIONS = NO;
				ENABLE_STRICT_OBJC_MSGSEND = YES;
				ENABLE_USER_SCRIPT_SANDBOXING = YES;
				GCC_C_LANGUAGE_STANDARD = gnu17;
				GCC_NO_COMMON_BLOCKS = YES;
				GCC_WARN_64_TO_32_BIT_CONVERSION = YES;
				GCC_WARN_ABOUT_RETURN_TYPE = YES_ERROR;
				GCC_WARN_UNDECLARED_SELECTOR = YES;
				GCC_WARN_UNINITIALIZED_AUTOS = YES_AGGRESSIVE;
				GCC_WARN_UNUSED_FUNCTION = YES;
				GCC_WARN_UNUSED_VARIABLE = YES;
				IPHONEOS_DEPLOYMENT_TARGET = 17.4;
				LOCALIZATION_PREFERS_STRING_CATALOGS = YES;
				MTL_ENABLE_DEBUG_INFO = NO;
				MTL_FAST_MATH = YES;
				SDKROOT = iphoneos;
				SWIFT_COMPILATION_MODE = wholemodule;
				VALIDATE_PRODUCT = YES;
			};
			name = Release;
		};
		1D4276C42BE9ADFB005D6259 /* Debug */ = {
			isa = XCBuildConfiguration;
			buildSettings = {
				ASSETCATALOG_COMPILER_APPICON_NAME = AppIcon;
				ASSETCATALOG_COMPILER_GLOBAL_ACCENT_COLOR_NAME = AccentColor;
				CODE_SIGN_STYLE = Automatic;
				CURRENT_PROJECT_VERSION = 1;
				DEVELOPMENT_ASSET_PATHS = "\"TCASimple/Preview Content\"";
				DEVELOPMENT_TEAM = 2H5DWBCL6R;
				ENABLE_PREVIEWS = YES;
				GENERATE_INFOPLIST_FILE = YES;
				INFOPLIST_KEY_UIApplicationSceneManifest_Generation = YES;
				INFOPLIST_KEY_UIApplicationSupportsIndirectInputEvents = YES;
				INFOPLIST_KEY_UILaunchScreen_Generation = YES;
				INFOPLIST_KEY_UISupportedInterfaceOrientations_iPad = "UIInterfaceOrientationPortrait UIInterfaceOrientationPortraitUpsideDown UIInterfaceOrientationLandscapeLeft UIInterfaceOrientationLandscapeRight";
				INFOPLIST_KEY_UISupportedInterfaceOrientations_iPhone = "UIInterfaceOrientationPortrait UIInterfaceOrientationLandscapeLeft UIInterfaceOrientationLandscapeRight";
				LD_RUNPATH_SEARCH_PATHS = (
					"$(inherited)",
					"@executable_path/Frameworks",
				);
				MARKETING_VERSION = 1.0;
				PRODUCT_BUNDLE_IDENTIFIER = com.correcthorse.tcaday1.TCASimple;
				PRODUCT_NAME = "$(TARGET_NAME)";
				SWIFT_EMIT_LOC_STRINGS = YES;
				SWIFT_VERSION = 5.0;
				TARGETED_DEVICE_FAMILY = "1,2";
			};
			name = Debug;
		};
		1D4276C52BE9ADFB005D6259 /* Release */ = {
			isa = XCBuildConfiguration;
			buildSettings = {
				ASSETCATALOG_COMPILER_APPICON_NAME = AppIcon;
				ASSETCATALOG_COMPILER_GLOBAL_ACCENT_COLOR_NAME = AccentColor;
				CODE_SIGN_STYLE = Automatic;
				CURRENT_PROJECT_VERSION = 1;
				DEVELOPMENT_ASSET_PATHS = "\"TCASimple/Preview Content\"";
				DEVELOPMENT_TEAM = 2H5DWBCL6R;
				ENABLE_PREVIEWS = YES;
				GENERATE_INFOPLIST_FILE = YES;
				INFOPLIST_KEY_UIApplicationSceneManifest_Generation = YES;
				INFOPLIST_KEY_UIApplicationSupportsIndirectInputEvents = YES;
				INFOPLIST_KEY_UILaunchScreen_Generation = YES;
				INFOPLIST_KEY_UISupportedInterfaceOrientations_iPad = "UIInterfaceOrientationPortrait UIInterfaceOrientationPortraitUpsideDown UIInterfaceOrientationLandscapeLeft UIInterfaceOrientationLandscapeRight";
				INFOPLIST_KEY_UISupportedInterfaceOrientations_iPhone = "UIInterfaceOrientationPortrait UIInterfaceOrientationLandscapeLeft UIInterfaceOrientationLandscapeRight";
				LD_RUNPATH_SEARCH_PATHS = (
					"$(inherited)",
					"@executable_path/Frameworks",
				);
				MARKETING_VERSION = 1.0;
				PRODUCT_BUNDLE_IDENTIFIER = com.correcthorse.tcaday1.TCASimple;
				PRODUCT_NAME = "$(TARGET_NAME)";
				SWIFT_EMIT_LOC_STRINGS = YES;
				SWIFT_VERSION = 5.0;
				TARGETED_DEVICE_FAMILY = "1,2";
			};
			name = Release;
		};
/* End XCBuildConfiguration section */

/* Begin XCConfigurationList section */
		1D4276B02BE9ADFA005D6259 /* Build configuration list for PBXProject "TCASimple" */ = {
			isa = XCConfigurationList;
			buildConfigurations = (
				1D4276C12BE9ADFB005D6259 /* Debug */,
				1D4276C22BE9ADFB005D6259 /* Release */,
			);
			defaultConfigurationIsVisible = 0;
			defaultConfigurationName = Release;
		};
		1D4276C32BE9ADFB005D6259 /* Build configuration list for PBXNativeTarget "TCASimple" */ = {
			isa = XCConfigurationList;
			buildConfigurations = (
				1D4276C42BE9ADFB005D6259 /* Debug */,
				1D4276C52BE9ADFB005D6259 /* Release */,
			);
			defaultConfigurationIsVisible = 0;
			defaultConfigurationName = Release;
		};
/* End XCConfigurationList section */

/* Begin XCRemoteSwiftPackageReference section */
		1D4276C62BE9AE06005D6259 /* XCRemoteSwiftPackageReference "swift-composable-architecture" */ = {
			isa = XCRemoteSwiftPackageReference;
			repositoryURL = "https://github.com/pointfreeco/swift-composable-architecture";
			requirement = {
				kind = upToNextMajorVersion;
				minimumVersion = 1.10.2;
			};
		};
/* End XCRemoteSwiftPackageReference section */

/* Begin XCSwiftPackageProductDependency section */
		1D4276C72BE9AE06005D6259 /* ComposableArchitecture */ = {
			isa = XCSwiftPackageProductDependency;
			package = 1D4276C62BE9AE06005D6259 /* XCRemoteSwiftPackageReference "swift-composable-architecture" */;
			productName = ComposableArchitecture;
		};
/* End XCSwiftPackageProductDependency section */
	};
	rootObject = 1D4276AD2BE9ADFA005D6259 /* Project object */;
}
